
Microsoft Visual Studio Solution File, Format Version 12.00
# Visual Studio Version 16
VisualStudioVersion = 16.0.30611.23
MinimumVisualStudioVersion = 10.0.40219.1
Project("{FAE04EC0-301F-11D3-BF4B-00C04F79EFBC}") = "InterviewReact", "InterviewReact\InterviewReact.csproj", "{95B8A357-2D97-4E91-9795-02242E704E1A}"
EndProject
Global
	GlobalSection(SolutionConfigurationPlatforms) = preSolution
		Debug|Any CPU = Debug|Any CPU
		Release|Any CPU = Release|Any CPU
	EndGlobalSection
	GlobalSection(ProjectConfigurationPlatforms) = postSolution
		{95B8A357-2D97-4E91-9795-02242E704E1A}.Debug|Any CPU.ActiveCfg = Debug|Any CPU
		{95B8A357-2D97-4E91-9795-02242E704E1A}.Debug|Any CPU.Build.0 = Debug|Any CPU
		{95B8A357-2D97-4E91-9795-02242E704E1A}.Release|Any CPU.ActiveCfg = Release|Any CPU
		{95B8A357-2D97-4E91-9795-02242E704E1A}.Release|Any CPU.Build.0 = Release|Any CPU
	EndGlobalSection
	GlobalSection(SolutionProperties) = preSolution
		HideSolutionNode = FALSE
	EndGlobalSection
	GlobalSection(ExtensibilityGlobals) = postSolution
		SolutionGuid = {5181DA64-DB12-4940-A813-9FEEA086995B}
	EndGlobalSection
EndGlobal
